
Microsoft Visual Studio Solution File, Format Version 12.00
# Visual Studio Version 17
VisualStudioVersion = 17.1.32319.34
MinimumVisualStudioVersion = 10.0.40219.1
Project("{FAE04EC0-301F-11D3-BF4B-00C04F79EFBC}") = "CozyCandy", "CozyCandy\CozyCandy.csproj", "{8EB582C4-0B84-4153-9CDC-A8D8A2ABC65C}"
EndProject
Global
	GlobalSection(SolutionConfigurationPlatforms) = preSolution
		Debug|Any CPU = Debug|Any CPU
		Release|Any CPU = Release|Any CPU
	EndGlobalSection
	GlobalSection(ProjectConfigurationPlatforms) = postSolution
		{8EB582C4-0B84-4153-9CDC-A8D8A2ABC65C}.Debug|Any CPU.ActiveCfg = Debug|Any CPU
		{8EB582C4-0B84-4153-9CDC-A8D8A2ABC65C}.Debug|Any CPU.Build.0 = Debug|Any CPU
		{8EB582C4-0B84-4153-9CDC-A8D8A2ABC65C}.Release|Any CPU.ActiveCfg = Release|Any CPU
		{8EB582C4-0B84-4153-9CDC-A8D8A2ABC65C}.Release|Any CPU.Build.0 = Release|Any CPU
	EndGlobalSection
	GlobalSection(SolutionProperties) = preSolution
		HideSolutionNode = FALSE
	EndGlobalSection
	GlobalSection(ExtensibilityGlobals) = postSolution
		SolutionGuid = {2AE17580-C9A2-4AEA-88BE-47844FE0037D}
	EndGlobalSection
EndGlobal
